// !$*UTF8*$!
{
	archiveVersion = 1;
	classes = {
	};
	objectVersion = 46;
	objects = {

/* Begin PBXBuildFile section */
		2900B11D1E561A0600C2EE81 /* ViewController.swift in Sources */ = {isa = PBXBuildFile; fileRef = 2900B11C1E561A0600C2EE81 /* ViewController.swift */; };
		291FFF351E4E372500E94AB5 /* music.mp3 in Resources */ = {isa = PBXBuildFile; fileRef = 291FFF341E4E372500E94AB5 /* music.mp3 */; };
		291FFF391E4E3A4200E94AB5 /* HUH.wav in Resources */ = {isa = PBXBuildFile; fileRef = 291FFF381E4E3A4200E94AB5 /* HUH.wav */; };
		291FFF3B1E4E3DCF00E94AB5 /* J dilla - Doo Doo 432Hz.mp3 in Resources */ = {isa = PBXBuildFile; fileRef = 291FFF3A1E4E3DCF00E94AB5 /* J dilla - Doo Doo 432Hz.mp3 */; };
		2948CDAF1E43AA72002E414F /* Main.storyboard in Resources */ = {isa = PBXBuildFile; fileRef = 2948CDAD1E43AA72002E414F /* Main.storyboard */; };
		2948CDB11E43AA72002E414F /* Assets.xcassets in Resources */ = {isa = PBXBuildFile; fileRef = 2948CDB01E43AA72002E414F /* Assets.xcassets */; };
		2948CDB41E43AA72002E414F /* LaunchScreen.storyboard in Resources */ = {isa = PBXBuildFile; fileRef = 2948CDB21E43AA72002E414F /* LaunchScreen.storyboard */; };
		2959554F1E4E3ECC007B27C4 /* AppDelegate.swift in Sources */ = {isa = PBXBuildFile; fileRef = 2959554E1E4E3ECC007B27C4 /* AppDelegate.swift */; };
/* End PBXBuildFile section */

/* Begin PBXCopyFilesBuildPhase section */
		2953566A1E60AA4E0037B8F7 /* Embed Frameworks */ = {
			isa = PBXCopyFilesBuildPhase;
			buildActionMask = 2147483647;
			dstPath = "";
			dstSubfolderSpec = 10;
			files = (
			);
			name = "Embed Frameworks";
			runOnlyForDeploymentPostprocessing = 0;
		};
/* End PBXCopyFilesBuildPhase section */

/* Begin PBXFileReference section */
		2900B11C1E561A0600C2EE81 /* ViewController.swift */ = {isa = PBXFileReference; fileEncoding = 4; lastKnownFileType = sourcecode.swift; path = ViewController.swift; sourceTree = "<group>"; };
		291FFF341E4E372500E94AB5 /* music.mp3 */ = {isa = PBXFileReference; lastKnownFileType = audio.mp3; path = music.mp3; sourceTree = "<group>"; };
		291FFF381E4E3A4200E94AB5 /* HUH.wav */ = {isa = PBXFileReference; lastKnownFileType = audio.wav; path = HUH.wav; sourceTree = "<group>"; };
		291FFF3A1E4E3DCF00E94AB5 /* J dilla - Doo Doo 432Hz.mp3 */ = {isa = PBXFileReference; lastKnownFileType = audio.mp3; path = "J dilla - Doo Doo 432Hz.mp3"; sourceTree = "<group>"; };
		2948CDA61E43AA72002E414F /* MemoApp.app */ = {isa = PBXFileReference; explicitFileType = wrapper.application; includeInIndex = 0; path = MemoApp.app; sourceTree = BUILT_PRODUCTS_DIR; };
		2948CDAE1E43AA72002E414F /* Base */ = {isa = PBXFileReference; lastKnownFileType = file.storyboard; name = Base; path = Base.lproj/Main.storyboard; sourceTree = "<group>"; };
		2948CDB01E43AA72002E414F /* Assets.xcassets */ = {isa = PBXFileReference; lastKnownFileType = folder.assetcatalog; path = Assets.xcassets; sourceTree = "<group>"; };
		2948CDB31E43AA72002E414F /* Base */ = {isa = PBXFileReference; lastKnownFileType = file.storyboard; name = Base; path = Base.lproj/LaunchScreen.storyboard; sourceTree = "<group>"; };
		2948CDB51E43AA72002E414F /* Info.plist */ = {isa = PBXFileReference; lastKnownFileType = text.plist.xml; path = Info.plist; sourceTree = "<group>"; };
		2959554E1E4E3ECC007B27C4 /* AppDelegate.swift */ = {isa = PBXFileReference; fileEncoding = 4; lastKnownFileType = sourcecode.swift; path = AppDelegate.swift; sourceTree = "<group>"; };
/* End PBXFileReference section */

/* Begin PBXFrameworksBuildPhase section */
		2948CDA31E43AA72002E414F /* Frameworks */ = {
			isa = PBXFrameworksBuildPhase;
			buildActionMask = 2147483647;
			files = (
			);
			runOnlyForDeploymentPostprocessing = 0;
		};
/* End PBXFrameworksBuildPhase section */

/* Begin PBXGroup section */
		2948CD9D1E43AA72002E414F = {
			isa = PBXGroup;
			children = (
				2948CDA81E43AA72002E414F /* MemoApp */,
				2948CDA71E43AA72002E414F /* Products */,
			);
			sourceTree = "<group>";
		};
		2948CDA71E43AA72002E414F /* Products */ = {
			isa = PBXGroup;
			children = (
				2948CDA61E43AA72002E414F /* MemoApp.app */,
			);
			name = Products;
			sourceTree = "<group>";
		};
		2948CDA81E43AA72002E414F /* MemoApp */ = {
			isa = PBXGroup;
			children = (
				2900B11C1E561A0600C2EE81 /* ViewController.swift */,
				2948CDAD1E43AA72002E414F /* Main.storyboard */,
				2948CDB01E43AA72002E414F /* Assets.xcassets */,
				2959554E1E4E3ECC007B27C4 /* AppDelegate.swift */,
				2948CDB21E43AA72002E414F /* LaunchScreen.storyboard */,
				2948CDB51E43AA72002E414F /* Info.plist */,
				291FFF341E4E372500E94AB5 /* music.mp3 */,
				291FFF381E4E3A4200E94AB5 /* HUH.wav */,
				291FFF3A1E4E3DCF00E94AB5 /* J dilla - Doo Doo 432Hz.mp3 */,
			);
			path = MemoApp;
			sourceTree = "<group>";
		};
/* End PBXGroup section */

/* Begin PBXNativeTarget section */
		2948CDA51E43AA72002E414F /* MemoApp */ = {
			isa = PBXNativeTarget;
			buildConfigurationList = 2948CDB81E43AA72002E414F /* Build configuration list for PBXNativeTarget "MemoApp" */;
			buildPhases = (
				2948CDA21E43AA72002E414F /* Sources */,
				2948CDA31E43AA72002E414F /* Frameworks */,
				2948CDA41E43AA72002E414F /* Resources */,
				2953566A1E60AA4E0037B8F7 /* Embed Frameworks */,
			);
			buildRules = (
			);
			dependencies = (
			);
			name = MemoApp;
			productName = MemoApp;
			productReference = 2948CDA61E43AA72002E414F /* MemoApp.app */;
			productType = "com.apple.product-type.application";
		};
/* End PBXNativeTarget section */

/* Begin PBXProject section */
		2948CD9E1E43AA72002E414F /* Project object */ = {
			isa = PBXProject;
			attributes = {
				LastSwiftUpdateCheck = 0820;
				LastUpgradeCheck = 0820;
				ORGANIZATIONNAME = "Period 2";
				TargetAttributes = {
					2948CDA51E43AA72002E414F = {
						CreatedOnToolsVersion = 8.2;
						ProvisioningStyle = Automatic;
					};
				};
			};
			buildConfigurationList = 2948CDA11E43AA72002E414F /* Build configuration list for PBXProject "MemoApp" */;
			compatibilityVersion = "Xcode 3.2";
			developmentRegion = English;
			hasScannedForEncodings = 0;
			knownRegions = (
				en,
				Base,
			);
			mainGroup = 2948CD9D1E43AA72002E414F;
			productRefGroup = 2948CDA71E43AA72002E414F /* Products */;
			projectDirPath = "";
			projectRoot = "";
			targets = (
				2948CDA51E43AA72002E414F /* MemoApp */,
			);
		};
/* End PBXProject section */

/* Begin PBXResourcesBuildPhase section */
		2948CDA41E43AA72002E414F /* Resources */ = {
			isa = PBXResourcesBuildPhase;
			buildActionMask = 2147483647;
			files = (
				2948CDB41E43AA72002E414F /* LaunchScreen.storyboard in Resources */,
				291FFF351E4E372500E94AB5 /* music.mp3 in Resources */,
				2948CDB11E43AA72002E414F /* Assets.xcassets in Resources */,
				291FFF3B1E4E3DCF00E94AB5 /* J dilla - Doo Doo 432Hz.mp3 in Resources */,
				2948CDAF1E43AA72002E414F /* Main.storyboard in Resources */,
				291FFF391E4E3A4200E94AB5 /* HUH.wav in Resources */,
			);
			runOnlyForDeploymentPostprocessing = 0;
		};
/* End PBXResourcesBuildPhase section */

/* Begin PBXSourcesBuildPhase section */
		2948CDA21E43AA72002E414F /* Sources */ = {
			isa = PBXSourcesBuildPhase;
			buildActionMask = 2147483647;
			files = (
				2900B11D1E561A0600C2EE81 /* ViewController.swift in Sources */,
				2959554F1E4E3ECC007B27C4 /* AppDelegate.swift in Sources */,
			);
			runOnlyForDeploymentPostprocessing = 0;
		};
/* End PBXSourcesBuildPhase section */

/* Begin PBXVariantGroup section */
		2948CDAD1E43AA72002E414F /* Main.storyboard */ = {
			isa = PBXVariantGroup;
			children = (
				2948CDAE1E43AA72002E414F /* Base */,
			);
			name = Main.storyboard;
			sourceTree = "<group>";
		};
		2948CDB21E43AA72002E414F /* LaunchScreen.storyboard */ = {
			isa = PBXVariantGroup;
			children = (
				2948CDB31E43AA72002E414F /* Base */,
			);
			name = LaunchScreen.storyboard;
			sourceTree = "<group>";
		};
/* End PBXVariantGroup section */

/* Begin XCBuildConfiguration section */
		2948CDB61E43AA72002E414F /* Debug */ = {
			isa = XCBuildConfiguration;
			buildSettings = {
				ALWAYS_SEARCH_USER_PATHS = NO;
				CLANG_ANALYZER_NONNULL = YES;
				CLANG_CXX_LANGUAGE_STANDARD = "gnu++0x";
				CLANG_CXX_LIBRARY = "libc++";
				CLANG_ENABLE_MODULES = YES;
				CLANG_ENABLE_OBJC_ARC = YES;
				CLANG_WARN_BOOL_CONVERSION = YES;
				CLANG_WARN_CONSTANT_CONVERSION = YES;
				CLANG_WARN_DIRECT_OBJC_ISA_USAGE = YES_ERROR;
				CLANG_WARN_DOCUMENTATION_COMMENTS = YES;
				CLANG_WARN_EMPTY_BODY = YES;
				CLANG_WARN_ENUM_CONVERSION = YES;
				CLANG_WARN_INFINITE_RECURSION = YES;
				CLANG_WARN_INT_CONVERSION = YES;
				CLANG_WARN_OBJC_ROOT_CLASS = YES_ERROR;
				CLANG_WARN_SUSPICIOUS_MOVE = YES;
				CLANG_WARN_UNREACHABLE_CODE = YES;
				CLANG_WARN__DUPLICATE_METHOD_MATCH = YES;
				"CODE_SIGN_IDENTITY[sdk=iphoneos*]" = "iPhone Developer";
				COPY_PHASE_STRIP = NO;
				DEBUG_INFORMATION_FORMAT = dwarf;
				ENABLE_STRICT_OBJC_MSGSEND = YES;
				ENABLE_TESTABILITY = YES;
				GCC_C_LANGUAGE_STANDARD = gnu99;
				GCC_DYNAMIC_NO_PIC = NO;
				GCC_NO_COMMON_BLOCKS = YES;
				GCC_OPTIMIZATION_LEVEL = 0;
				GCC_PREPROCESSOR_DEFINITIONS = (
					"DEBUG=1",
					"$(inherited)",
				);
				GCC_WARN_64_TO_32_BIT_CONVERSION = YES;
				GCC_WARN_ABOUT_RETURN_TYPE = YES_ERROR;
				GCC_WARN_UNDECLARED_SELECTOR = YES;
				GCC_WARN_UNINITIALIZED_AUTOS = YES_AGGRESSIVE;
				GCC_WARN_UNUSED_FUNCTION = YES;
				GCC_WARN_UNUSED_VARIABLE = YES;
				IPHONEOS_DEPLOYMENT_TARGET = 10.2;
				MTL_ENABLE_DEBUG_INFO = YES;
				ONLY_ACTIVE_ARCH = YES;
				SDKROOT = iphoneos;
				SWIFT_ACTIVE_COMPILATION_CONDITIONS = DEBUG;
				SWIFT_OPTIMIZATION_LEVEL = "-Onone";
			};
			name = Debug;
		};
		2948CDB71E43AA72002E414F /* Release */ = {
			isa = XCBuildConfiguration;
			buildSettings = {
				ALWAYS_SEARCH_USER_PATHS = NO;
				CLANG_ANALYZER_NONNULL = YES;
				CLANG_CXX_LANGUAGE_STANDARD = "gnu++0x";
				CLANG_CXX_LIBRARY = "libc++";
				CLANG_ENABLE_MODULES = YES;
				CLANG_ENABLE_OBJC_ARC = YES;
				CLANG_WARN_BOOL_CONVERSION = YES;
				CLANG_WARN_CONSTANT_CONVERSION = YES;
				CLANG_WARN_DIRECT_OBJC_ISA_USAGE = YES_ERROR;
				CLANG_WARN_DOCUMENTATION_COMMENTS = YES;
				CLANG_WARN_EMPTY_BODY = YES;
				CLANG_WARN_ENUM_CONVERSION = YES;
				CLANG_WARN_INFINITE_RECURSION = YES;
				CLANG_WARN_INT_CONVERSION = YES;
				CLANG_WARN_OBJC_ROOT_CLASS = YES_ERROR;
				CLANG_WARN_SUSPICIOUS_MOVE = YES;
				CLANG_WARN_UNREACHABLE_CODE = YES;
				CLANG_WARN__DUPLICATE_METHOD_MATCH = YES;
				"CODE_SIGN_IDENTITY[sdk=iphoneos*]" = "iPhone Developer";
				COPY_PHASE_STRIP = NO;
				DEBUG_INFORMATION_FORMAT = "dwarf-with-dsym";
				ENABLE_NS_ASSERTIONS = NO;
				ENABLE_STRICT_OBJC_MSGSEND = YES;
				GCC_C_LANGUAGE_STANDARD = gnu99;
				GCC_NO_COMMON_BLOCKS = YES;
				GCC_WARN_64_TO_32_BIT_CONVERSION = YES;
				GCC_WARN_ABOUT_RETURN_TYPE = YES_ERROR;
				GCC_WARN_UNDECLARED_SELECTOR = YES;
				GCC_WARN_UNINITIALIZED_AUTOS = YES_AGGRESSIVE;
				GCC_WARN_UNUSED_FUNCTION = YES;
				GCC_WARN_UNUSED_VARIABLE = YES;
				IPHONEOS_DEPLOYMENT_TARGET = 10.2;
				MTL_ENABLE_DEBUG_INFO = NO;
				SDKROOT = iphoneos;
				SWIFT_OPTIMIZATION_LEVEL = "-Owholemodule";
				VALIDATE_PRODUCT = YES;
			};
			name = Release;
		};
		2948CDB91E43AA72002E414F /* Debug */ = {
			isa = XCBuildConfiguration;
			buildSettings = {
				ASSETCATALOG_COMPILER_APPICON_NAME = AppIcon;
				FRAMEWORK_SEARCH_PATHS = (
					"$(inherited)",
					"$(PROJECT_DIR)",
					"$(PROJECT_DIR)/MemoApp",
				);
				INFOPLIST_FILE = MemoApp/Info.plist;
				LD_RUNPATH_SEARCH_PATHS = "$(inherited) @executable_path/Frameworks";
				PRODUCT_BUNDLE_IDENTIFIER = "Davis-O-Shea.MemoApp";
				PRODUCT_NAME = "$(TARGET_NAME)";
				SWIFT_VERSION = 3.0;
			};
			name = Debug;
		};
		2948CDBA1E43AA72002E414F /* Release */ = {
			isa = XCBuildConfiguration;
			buildSettings = {
				ASSETCATALOG_COMPILER_APPICON_NAME = AppIcon;
				FRAMEWORK_SEARCH_PATHS = (
					"$(inherited)",
					"$(PROJECT_DIR)",
					"$(PROJECT_DIR)/MemoApp",
				);
				INFOPLIST_FILE = MemoApp/Info.plist;
				LD_RUNPATH_SEARCH_PATHS = "$(inherited) @executable_path/Frameworks";
				PRODUCT_BUNDLE_IDENTIFIER = "Davis-O-Shea.MemoApp";
				PRODUCT_NAME = "$(TARGET_NAME)";
				SWIFT_VERSION = 3.0;
			};
			name = Release;
		};
/* End XCBuildConfiguration section */

/* Begin XCConfigurationList section */
		2948CDA11E43AA72002E414F /* Build configuration list for PBXProject "MemoApp" */ = {
			isa = XCConfigurationList;
			buildConfigurations = (
				2948CDB61E43AA72002E414F /* Debug */,
				2948CDB71E43AA72002E414F /* Release */,
			);
			defaultConfigurationIsVisible = 0;
			defaultConfigurationName = Release;
		};
		2948CDB81E43AA72002E414F /* Build configuration list for PBXNativeTarget "MemoApp" */ = {
			isa = XCConfigurationList;
			buildConfigurations = (
				2948CDB91E43AA72002E414F /* Debug */,
				2948CDBA1E43AA72002E414F /* Release */,
			);
			defaultConfigurationIsVisible = 0;
			defaultConfigurationName = Release;
		};
/* End XCConfigurationList section */
	};
	rootObject = 2948CD9E1E43AA72002E414F /* Project object */;
}
